
Microsoft Visual Studio Solution File, Format Version 12.00
# Visual Studio Version 17
VisualStudioVersion = 17.4.33205.214
MinimumVisualStudioVersion = 10.0.40219.1
Project("{FAE04EC0-301F-11D3-BF4B-00C04F79EFBC}") = "currency exchange", "currency exchange\currency exchange.csproj", "{9AB2BEE4-BAF8-4216-BB97-AC1795A545FC}"
EndProject
Global
	GlobalSection(SolutionConfigurationPlatforms) = preSolution
		Debug|Any CPU = Debug|Any CPU
		Release|Any CPU = Release|Any CPU
	EndGlobalSection
	GlobalSection(ProjectConfigurationPlatforms) = postSolution
		{9AB2BEE4-BAF8-4216-BB97-AC1795A545FC}.Debug|Any CPU.ActiveCfg = Debug|Any CPU
		{9AB2BEE4-BAF8-4216-BB97-AC1795A545FC}.Debug|Any CPU.Build.0 = Debug|Any CPU
		{9AB2BEE4-BAF8-4216-BB97-AC1795A545FC}.Release|Any CPU.ActiveCfg = Release|Any CPU
		{9AB2BEE4-BAF8-4216-BB97-AC1795A545FC}.Release|Any CPU.Build.0 = Release|Any CPU
	EndGlobalSection
	GlobalSection(SolutionProperties) = preSolution
		HideSolutionNode = FALSE
	EndGlobalSection
	GlobalSection(ExtensibilityGlobals) = postSolution
		SolutionGuid = {E9FB381E-32B0-4E38-BB6F-F9864F83758F}
	EndGlobalSection
EndGlobal
